
Microsoft Visual Studio Solution File, Format Version 12.00
# Visual Studio Version 17
VisualStudioVersion = 17.13.35931.197
MinimumVisualStudioVersion = 10.0.40219.1
Project("{FAE04EC0-301F-11D3-BF4B-00C04F79EFBC}") = "E-Commerce.API", "E-Commerce.API\E-Commerce.API.csproj", "{629D353F-29F7-4361-8462-1FC5A368A346}"
EndProject
Project("{2150E333-8FDC-42A3-9474-1A3956D46DE8}") = "Core", "Core", "{02EA681E-C7D8-13C7-8484-4AC65E1B71E8}"
EndProject
Project("{FAE04EC0-301F-11D3-BF4B-00C04F79EFBC}") = "Domain", "Core\Domen\Domain.csproj", "{3EA5AA3F-F0E1-4E35-8FAC-3A664483C8A7}"
EndProject
Project("{FAE04EC0-301F-11D3-BF4B-00C04F79EFBC}") = "Services", "Core\Services\Services.csproj", "{F270D431-79BD-4793-BA62-CEB203696F44}"
EndProject
Project("{FAE04EC0-301F-11D3-BF4B-00C04F79EFBC}") = "ServicesAbstraction", "Core\ServicesAbstraction\ServicesAbstraction.csproj", "{7ACD49AB-3101-4EE6-B2BF-D4C6BA924C46}"
EndProject
Project("{2150E333-8FDC-42A3-9474-1A3956D46DE8}") = "Infrastructure", "Infrastructure", "{CFF1B5F6-30D7-4105-B3A5-2E4672A706AF}"
EndProject
Project("{FAE04EC0-301F-11D3-BF4B-00C04F79EFBC}") = "Presistence", "Infrastructure\Presistence\Presistence.csproj", "{3AF41D12-7721-4F01-9F32-84DB8F59B5F1}"
EndProject
Project("{FAE04EC0-301F-11D3-BF4B-00C04F79EFBC}") = "Presentation", "Infrastructure\Presentation\Presentation.csproj", "{EEA681BD-B2C2-4CBC-82B3-57EF08D03B54}"
EndProject
Project("{FAE04EC0-301F-11D3-BF4B-00C04F79EFBC}") = "Shared", "Shared\Shared.csproj", "{1A726FEB-09D3-4D9C-B9F1-CE87069B1262}"
EndProject
Global
	GlobalSection(SolutionConfigurationPlatforms) = preSolution
		Debug|Any CPU = Debug|Any CPU
		Release|Any CPU = Release|Any CPU
	EndGlobalSection
	GlobalSection(ProjectConfigurationPlatforms) = postSolution
		{629D353F-29F7-4361-8462-1FC5A368A346}.Debug|Any CPU.ActiveCfg = Debug|Any CPU
		{629D353F-29F7-4361-8462-1FC5A368A346}.Debug|Any CPU.Build.0 = Debug|Any CPU
		{629D353F-29F7-4361-8462-1FC5A368A346}.Release|Any CPU.ActiveCfg = Release|Any CPU
		{629D353F-29F7-4361-8462-1FC5A368A346}.Release|Any CPU.Build.0 = Release|Any CPU
		{3EA5AA3F-F0E1-4E35-8FAC-3A664483C8A7}.Debug|Any CPU.ActiveCfg = Debug|Any CPU
		{3EA5AA3F-F0E1-4E35-8FAC-3A664483C8A7}.Debug|Any CPU.Build.0 = Debug|Any CPU
		{3EA5AA3F-F0E1-4E35-8FAC-3A664483C8A7}.Release|Any CPU.ActiveCfg = Release|Any CPU
		{3EA5AA3F-F0E1-4E35-8FAC-3A664483C8A7}.Release|Any CPU.Build.0 = Release|Any CPU
		{F270D431-79BD-4793-BA62-CEB203696F44}.Debug|Any CPU.ActiveCfg = Debug|Any CPU
		{F270D431-79BD-4793-BA62-CEB203696F44}.Debug|Any CPU.Build.0 = Debug|Any CPU
		{F270D431-79BD-4793-BA62-CEB203696F44}.Release|Any CPU.ActiveCfg = Release|Any CPU
		{F270D431-79BD-4793-BA62-CEB203696F44}.Release|Any CPU.Build.0 = Release|Any CPU
		{7ACD49AB-3101-4EE6-B2BF-D4C6BA924C46}.Debug|Any CPU.ActiveCfg = Debug|Any CPU
		{7ACD49AB-3101-4EE6-B2BF-D4C6BA924C46}.Debug|Any CPU.Build.0 = Debug|Any CPU
		{7ACD49AB-3101-4EE6-B2BF-D4C6BA924C46}.Release|Any CPU.ActiveCfg = Release|Any CPU
		{7ACD49AB-3101-4EE6-B2BF-D4C6BA924C46}.Release|Any CPU.Build.0 = Release|Any CPU
		{3AF41D12-7721-4F01-9F32-84DB8F59B5F1}.Debug|Any CPU.ActiveCfg = Debug|Any CPU
		{3AF41D12-7721-4F01-9F32-84DB8F59B5F1}.Debug|Any CPU.Build.0 = Debug|Any CPU
		{3AF41D12-7721-4F01-9F32-84DB8F59B5F1}.Release|Any CPU.ActiveCfg = Release|Any CPU
		{3AF41D12-7721-4F01-9F32-84DB8F59B5F1}.Release|Any CPU.Build.0 = Release|Any CPU
		{EEA681BD-B2C2-4CBC-82B3-57EF08D03B54}.Debug|Any CPU.ActiveCfg = Debug|Any CPU
		{EEA681BD-B2C2-4CBC-82B3-57EF08D03B54}.Debug|Any CPU.Build.0 = Debug|Any CPU
		{EEA681BD-B2C2-4CBC-82B3-57EF08D03B54}.Release|Any CPU.ActiveCfg = Release|Any CPU
		{EEA681BD-B2C2-4CBC-82B3-57EF08D03B54}.Release|Any CPU.Build.0 = Release|Any CPU
		{1A726FEB-09D3-4D9C-B9F1-CE87069B1262}.Debug|Any CPU.ActiveCfg = Debug|Any CPU
		{1A726FEB-09D3-4D9C-B9F1-CE87069B1262}.Debug|Any CPU.Build.0 = Debug|Any CPU
		{1A726FEB-09D3-4D9C-B9F1-CE87069B1262}.Release|Any CPU.ActiveCfg = Release|Any CPU
		{1A726FEB-09D3-4D9C-B9F1-CE87069B1262}.Release|Any CPU.Build.0 = Release|Any CPU
	EndGlobalSection
	GlobalSection(SolutionProperties) = preSolution
		HideSolutionNode = FALSE
	EndGlobalSection
	GlobalSection(NestedProjects) = preSolution
		{3EA5AA3F-F0E1-4E35-8FAC-3A664483C8A7} = {02EA681E-C7D8-13C7-8484-4AC65E1B71E8}
		{F270D431-79BD-4793-BA62-CEB203696F44} = {02EA681E-C7D8-13C7-8484-4AC65E1B71E8}
		{7ACD49AB-3101-4EE6-B2BF-D4C6BA924C46} = {02EA681E-C7D8-13C7-8484-4AC65E1B71E8}
		{3AF41D12-7721-4F01-9F32-84DB8F59B5F1} = {CFF1B5F6-30D7-4105-B3A5-2E4672A706AF}
		{EEA681BD-B2C2-4CBC-82B3-57EF08D03B54} = {CFF1B5F6-30D7-4105-B3A5-2E4672A706AF}
	EndGlobalSection
	GlobalSection(ExtensibilityGlobals) = postSolution
		SolutionGuid = {8A93380D-D520-4FD3-8886-D69D9A266D79}
	EndGlobalSection
EndGlobal
